Microsoft Visual Studio Solution File, Format Version 12.00
# Visual Studio Version 17
VisualStudioVersion = 17.5.2.0
MinimumVisualStudioVersion = 10.0.40219.1
Project("{FAE04EC0-301F-11D3-BF4B-00C04F79EFBC}") = "TaskHabitApi", "TaskHabitApi.csproj", "{69047057-0DCE-00EB-50E2-7E3A2954C2E4}"
EndProject
Global
	GlobalSection(SolutionConfigurationPlatforms) = preSolution
		Debug|Any CPU = Debug|Any CPU
		Release|Any CPU = Release|Any CPU
	EndGlobalSection
	GlobalSection(ProjectConfigurationPlatforms) = postSolution
		{69047057-0DCE-00EB-50E2-7E3A2954C2E4}.Debug|Any CPU.ActiveCfg = Debug|Any CPU
		{69047057-0DCE-00EB-50E2-7E3A2954C2E4}.Debug|Any CPU.Build.0 = Debug|Any CPU
		{69047057-0DCE-00EB-50E2-7E3A2954C2E4}.Release|Any CPU.ActiveCfg = Release|Any CPU
		{69047057-0DCE-00EB-50E2-7E3A2954C2E4}.Release|Any CPU.Build.0 = Release|Any CPU
	EndGlobalSection
	GlobalSection(SolutionProperties) = preSolution
		HideSolutionNode = FALSE
	EndGlobalSection
	GlobalSection(ExtensibilityGlobals) = postSolution
		SolutionGuid = {F5F46A0A-75BD-4F21-8774-481603421052}
	EndGlobalSection
EndGlobal
